
Microsoft Visual Studio Solution File, Format Version 12.00
# Visual Studio 15
VisualStudioVersion = 15.0.26430.14
MinimumVisualStudioVersion = 10.0.40219.1
Project("{FAE04EC0-301F-11D3-BF4B-00C04F79EFBC}") = "LineBot", "LineBot\LineBot.csproj", "{FFA05875-3CB0-4387-BBD5-E5A5A71CA7D4}"
EndProject
Project("{FAE04EC0-301F-11D3-BF4B-00C04F79EFBC}") = "LineBot.Tests", "LineBot.Tests\LineBot.Tests.csproj", "{8C0686BD-63F8-4336-B2EA-9A749349E8B0}"
EndProject
Global
	GlobalSection(SolutionConfigurationPlatforms) = preSolution
		Debug|Any CPU = Debug|Any CPU
		Release|Any CPU = Release|Any CPU
	EndGlobalSection
	GlobalSection(ProjectConfigurationPlatforms) = postSolution
		{FFA05875-3CB0-4387-BBD5-E5A5A71CA7D4}.Debug|Any CPU.ActiveCfg = Debug|Any CPU
		{FFA05875-3CB0-4387-BBD5-E5A5A71CA7D4}.Debug|Any CPU.Build.0 = Debug|Any CPU
		{FFA05875-3CB0-4387-BBD5-E5A5A71CA7D4}.Release|Any CPU.ActiveCfg = Release|Any CPU
		{FFA05875-3CB0-4387-BBD5-E5A5A71CA7D4}.Release|Any CPU.Build.0 = Release|Any CPU
		{8C0686BD-63F8-4336-B2EA-9A749349E8B0}.Debug|Any CPU.ActiveCfg = Debug|Any CPU
		{8C0686BD-63F8-4336-B2EA-9A749349E8B0}.Debug|Any CPU.Build.0 = Debug|Any CPU
		{8C0686BD-63F8-4336-B2EA-9A749349E8B0}.Release|Any CPU.ActiveCfg = Release|Any CPU
		{8C0686BD-63F8-4336-B2EA-9A749349E8B0}.Release|Any CPU.Build.0 = Release|Any CPU
	EndGlobalSection
	GlobalSection(SolutionProperties) = preSolution
		HideSolutionNode = FALSE
	EndGlobalSection
EndGlobal
